// !$*UTF8*$!
{
	archiveVersion = 1;
	classes = {
	};
	objectVersion = 50;
	objects = {

/* Begin PBXBuildFile section */
		5BAF0861211E45E2008667B1 /* AppDelegate.swift in Sources */ = {isa = PBXBuildFile; fileRef = 5BAF0860211E45E2008667B1 /* AppDelegate.swift */; };
		5BAF0863211E45E2008667B1 /* ViewController.swift in Sources */ = {isa = PBXBuildFile; fileRef = 5BAF0862211E45E2008667B1 /* ViewController.swift */; };
		5BAF0866211E45E2008667B1 /* Main.storyboard in Resources */ = {isa = PBXBuildFile; fileRef = 5BAF0864211E45E2008667B1 /* Main.storyboard */; };
		5BAF0868211E45E4008667B1 /* Assets.xcassets in Resources */ = {isa = PBXBuildFile; fileRef = 5BAF0867211E45E4008667B1 /* Assets.xcassets */; };
		5BAF086B211E45E4008667B1 /* LaunchScreen.storyboard in Resources */ = {isa = PBXBuildFile; fileRef = 5BAF0869211E45E4008667B1 /* LaunchScreen.storyboard */; };
		5BAF0876211E45E4008667B1 /* __Hour_Swift_TutorialTests.swift in Sources */ = {isa = PBXBuildFile; fileRef = 5BAF0875211E45E4008667B1 /* __Hour_Swift_TutorialTests.swift */; };
		5BAF0881211E45E4008667B1 /* __Hour_Swift_TutorialUITests.swift in Sources */ = {isa = PBXBuildFile; fileRef = 5BAF0880211E45E4008667B1 /* __Hour_Swift_TutorialUITests.swift */; };
/* End PBXBuildFile section */

/* Begin PBXContainerItemProxy section */
		5BAF0872211E45E4008667B1 /* PBXContainerItemProxy */ = {
			isa = PBXContainerItemProxy;
			containerPortal = 5BAF0855211E45E2008667B1 /* Project object */;
			proxyType = 1;
			remoteGlobalIDString = 5BAF085C211E45E2008667B1;
			remoteInfo = "1 Hour Swift Tutorial";
		};
		5BAF087D211E45E4008667B1 /* PBXContainerItemProxy */ = {
			isa = PBXContainerItemProxy;
			containerPortal = 5BAF0855211E45E2008667B1 /* Project object */;
			proxyType = 1;
			remoteGlobalIDString = 5BAF085C211E45E2008667B1;
			remoteInfo = "1 Hour Swift Tutorial";
		};
/* End PBXContainerItemProxy section */

/* Begin PBXFileReference section */
		5BAF085D211E45E2008667B1 /* 1 Hour Swift Tutorial.app */ = {isa = PBXFileReference; explicitFileType = wrapper.application; includeInIndex = 0; path = "1 Hour Swift Tutorial.app"; sourceTree = BUILT_PRODUCTS_DIR; };
		5BAF0860211E45E2008667B1 /* AppDelegate.swift */ = {isa = PBXFileReference; lastKnownFileType = sourcecode.swift; path = AppDelegate.swift; sourceTree = "<group>"; };
		5BAF0862211E45E2008667B1 /* ViewController.swift */ = {isa = PBXFileReference; lastKnownFileType = sourcecode.swift; path = ViewController.swift; sourceTree = "<group>"; };
		5BAF0865211E45E2008667B1 /* Base */ = {isa = PBXFileReference; lastKnownFileType = file.storyboard; name = Base; path = Base.lproj/Main.storyboard; sourceTree = "<group>"; };
		5BAF0867211E45E4008667B1 /* Assets.xcassets */ = {isa = PBXFileReference; lastKnownFileType = folder.assetcatalog; path = Assets.xcassets; sourceTree = "<group>"; };
		5BAF086A211E45E4008667B1 /* Base */ = {isa = PBXFileReference; lastKnownFileType = file.storyboard; name = Base; path = Base.lproj/LaunchScreen.storyboard; sourceTree = "<group>"; };
		5BAF086C211E45E4008667B1 /* Info.plist */ = {isa = PBXFileReference; lastKnownFileType = text.plist.xml; path = Info.plist; sourceTree = "<group>"; };
		5BAF0871211E45E4008667B1 /* 1 Hour Swift TutorialTests.xctest */ = {isa = PBXFileReference; explicitFileType = wrapper.cfbundle; includeInIndex = 0; path = "1 Hour Swift TutorialTests.xctest"; sourceTree = BUILT_PRODUCTS_DIR; };
		5BAF0875211E45E4008667B1 /* __Hour_Swift_TutorialTests.swift */ = {isa = PBXFileReference; lastKnownFileType = sourcecode.swift; path = __Hour_Swift_TutorialTests.swift; sourceTree = "<group>"; };
		5BAF0877211E45E4008667B1 /* Info.plist */ = {isa = PBXFileReference; lastKnownFileType = text.plist.xml; path = Info.plist; sourceTree = "<group>"; };
		5BAF087C211E45E4008667B1 /* 1 Hour Swift TutorialUITests.xctest */ = {isa = PBXFileReference; explicitFileType = wrapper.cfbundle; includeInIndex = 0; path = "1 Hour Swift TutorialUITests.xctest"; sourceTree = BUILT_PRODUCTS_DIR; };
		5BAF0880211E45E4008667B1 /* __Hour_Swift_TutorialUITests.swift */ = {isa = PBXFileReference; lastKnownFileType = sourcecode.swift; path = __Hour_Swift_TutorialUITests.swift; sourceTree = "<group>"; };
		5BAF0882211E45E4008667B1 /* Info.plist */ = {isa = PBXFileReference; lastKnownFileType = text.plist.xml; path = Info.plist; sourceTree = "<group>"; };
/* End PBXFileReference section */

/* Begin PBXFrameworksBuildPhase section */
		5BAF085A211E45E2008667B1 /* Frameworks */ = {
			isa = PBXFrameworksBuildPhase;
			buildActionMask = 2147483647;
			files = (
			);
			runOnlyForDeploymentPostprocessing = 0;
		};
		5BAF086E211E45E4008667B1 /* Frameworks */ = {
			isa = PBXFrameworksBuildPhase;
			buildActionMask = 2147483647;
			files = (
			);
			runOnlyForDeploymentPostprocessing = 0;
		};
		5BAF0879211E45E4008667B1 /* Frameworks */ = {
			isa = PBXFrameworksBuildPhase;
			buildActionMask = 2147483647;
			files = (
			);
			runOnlyForDeploymentPostprocessing = 0;
		};
/* End PBXFrameworksBuildPhase section */

/* Begin PBXGroup section */
		5BAF0854211E45E2008667B1 = {
			isa = PBXGroup;
			children = (
				5BAF085F211E45E2008667B1 /* 1 Hour Swift Tutorial */,
				5BAF0874211E45E4008667B1 /* 1 Hour Swift TutorialTests */,
				5BAF087F211E45E4008667B1 /* 1 Hour Swift TutorialUITests */,
				5BAF085E211E45E2008667B1 /* Products */,
			);
			sourceTree = "<group>";
		};
		5BAF085E211E45E2008667B1 /* Products */ = {
			isa = PBXGroup;
			children = (
				5BAF085D211E45E2008667B1 /* 1 Hour Swift Tutorial.app */,
				5BAF0871211E45E4008667B1 /* 1 Hour Swift TutorialTests.xctest */,
				5BAF087C211E45E4008667B1 /* 1 Hour Swift TutorialUITests.xctest */,
			);
			name = Products;
			sourceTree = "<group>";
		};
		5BAF085F211E45E2008667B1 /* 1 Hour Swift Tutorial */ = {
			isa = PBXGroup;
			children = (
				5BAF0860211E45E2008667B1 /* AppDelegate.swift */,
				5BAF0862211E45E2008667B1 /* ViewController.swift */,
				5BAF0864211E45E2008667B1 /* Main.storyboard */,
				5BAF0867211E45E4008667B1 /* Assets.xcassets */,
				5BAF0869211E45E4008667B1 /* LaunchScreen.storyboard */,
				5BAF086C211E45E4008667B1 /* Info.plist */,
			);
			path = "1 Hour Swift Tutorial";
			sourceTree = "<group>";
		};
		5BAF0874211E45E4008667B1 /* 1 Hour Swift TutorialTests */ = {
			isa = PBXGroup;
			children = (
				5BAF0875211E45E4008667B1 /* __Hour_Swift_TutorialTests.swift */,
				5BAF0877211E45E4008667B1 /* Info.plist */,
			);
			path = "1 Hour Swift TutorialTests";
			sourceTree = "<group>";
		};
		5BAF087F211E45E4008667B1 /* 1 Hour Swift TutorialUITests */ = {
			isa = PBXGroup;
			children = (
				5BAF0880211E45E4008667B1 /* __Hour_Swift_TutorialUITests.swift */,
				5BAF0882211E45E4008667B1 /* Info.plist */,
			);
			path = "1 Hour Swift TutorialUITests";
			sourceTree = "<group>";
		};
/* End PBXGroup section */

/* Begin PBXNativeTarget section */
		5BAF085C211E45E2008667B1 /* 1 Hour Swift Tutorial */ = {
			isa = PBXNativeTarget;
			buildConfigurationList = 5BAF0885211E45E4008667B1 /* Build configuration list for PBXNativeTarget "1 Hour Swift Tutorial" */;
			buildPhases = (
				5BAF0859211E45E2008667B1 /* Sources */,
				5BAF085A211E45E2008667B1 /* Frameworks */,
				5BAF085B211E45E2008667B1 /* Resources */,
			);
			buildRules = (
			);
			dependencies = (
			);
			name = "1 Hour Swift Tutorial";
			productName = "1 Hour Swift Tutorial";
			productReference = 5BAF085D211E45E2008667B1 /* 1 Hour Swift Tutorial.app */;
			productType = "com.apple.product-type.application";
		};
		5BAF0870211E45E4008667B1 /* 1 Hour Swift TutorialTests */ = {
			isa = PBXNativeTarget;
			buildConfigurationList = 5BAF0888211E45E4008667B1 /* Build configuration list for PBXNativeTarget "1 Hour Swift TutorialTests" */;
			buildPhases = (
				5BAF086D211E45E4008667B1 /* Sources */,
				5BAF086E211E45E4008667B1 /* Frameworks */,
				5BAF086F211E45E4008667B1 /* Resources */,
			);
			buildRules = (
			);
			dependencies = (
				5BAF0873211E45E4008667B1 /* PBXTargetDependency */,
			);
			name = "1 Hour Swift TutorialTests";
			productName = "1 Hour Swift TutorialTests";
			productReference = 5BAF0871211E45E4008667B1 /* 1 Hour Swift TutorialTests.xctest */;
			productType = "com.apple.product-type.bundle.unit-test";
		};
		5BAF087B211E45E4008667B1 /* 1 Hour Swift TutorialUITests */ = {
			isa = PBXNativeTarget;
			buildConfigurationList = 5BAF088B211E45E4008667B1 /* Build configuration list for PBXNativeTarget "1 Hour Swift TutorialUITests" */;
			buildPhases = (
				5BAF0878211E45E4008667B1 /* Sources */,
				5BAF0879211E45E4008667B1 /* Frameworks */,
				5BAF087A211E45E4008667B1 /* Resources */,
			);
			buildRules = (
			);
			dependencies = (
				5BAF087E211E45E4008667B1 /* PBXTargetDependency */,
			);
			name = "1 Hour Swift TutorialUITests";
			productName = "1 Hour Swift TutorialUITests";
			productReference = 5BAF087C211E45E4008667B1 /* 1 Hour Swift TutorialUITests.xctest */;
			productType = "com.apple.product-type.bundle.ui-testing";
		};
/* End PBXNativeTarget section */

/* Begin PBXProject section */
		5BAF0855211E45E2008667B1 /* Project object */ = {
			isa = PBXProject;
			attributes = {
				LastSwiftUpdateCheck = 0940;
				LastUpgradeCheck = 0940;
				ORGANIZATIONNAME = "Leroy Bainbridge";
				TargetAttributes = {
					5BAF085C211E45E2008667B1 = {
						CreatedOnToolsVersion = 9.4.1;
					};
					5BAF0870211E45E4008667B1 = {
						CreatedOnToolsVersion = 9.4.1;
						TestTargetID = 5BAF085C211E45E2008667B1;
					};
					5BAF087B211E45E4008667B1 = {
						CreatedOnToolsVersion = 9.4.1;
						TestTargetID = 5BAF085C211E45E2008667B1;
					};
				};
			};
			buildConfigurationList = 5BAF0858211E45E2008667B1 /* Build configuration list for PBXProject "1 Hour Swift Tutorial" */;
			compatibilityVersion = "Xcode 9.3";
			developmentRegion = en;
			hasScannedForEncodings = 0;
			knownRegions = (
				en,
				Base,
			);
			mainGroup = 5BAF0854211E45E2008667B1;
			productRefGroup = 5BAF085E211E45E2008667B1 /* Products */;
			projectDirPath = "";
			projectRoot = "";
			targets = (
				5BAF085C211E45E2008667B1 /* 1 Hour Swift Tutorial */,
				5BAF0870211E45E4008667B1 /* 1 Hour Swift TutorialTests */,
				5BAF087B211E45E4008667B1 /* 1 Hour Swift TutorialUITests */,
			);
		};
/* End PBXProject section */

/* Begin PBXResourcesBuildPhase section */
		5BAF085B211E45E2008667B1 /* Resources */ = {
			isa = PBXResourcesBuildPhase;
			buildActionMask = 2147483647;
			files = (
				5BAF086B211E45E4008667B1 /* LaunchScreen.storyboard in Resources */,
				5BAF0868211E45E4008667B1 /* Assets.xcassets in Resources */,
				5BAF0866211E45E2008667B1 /* Main.storyboard in Resources */,
			);
			runOnlyForDeploymentPostprocessing = 0;
		};
		5BAF086F211E45E4008667B1 /* Resources */ = {
			isa = PBXResourcesBuildPhase;
			buildActionMask = 2147483647;
			files = (
			);
			runOnlyForDeploymentPostprocessing = 0;
		};
		5BAF087A211E45E4008667B1 /* Resources */ = {
			isa = PBXResourcesBuildPhase;
			buildActionMask = 2147483647;
			files = (
			);
			runOnlyForDeploymentPostprocessing = 0;
		};
/* End PBXResourcesBuildPhase section */

/* Begin PBXSourcesBuildPhase section */
		5BAF0859211E45E2008667B1 /* Sources */ = {
			isa = PBXSourcesBuildPhase;
			buildActionMask = 2147483647;
			files = (
				5BAF0863211E45E2008667B1 /* ViewController.swift in Sources */,
				5BAF0861211E45E2008667B1 /* AppDelegate.swift in Sources */,
			);
			runOnlyForDeploymentPostprocessing = 0;
		};
		5BAF086D211E45E4008667B1 /* Sources */ = {
			isa = PBXSourcesBuildPhase;
			buildActionMask = 2147483647;
			files = (
				5BAF0876211E45E4008667B1 /* __Hour_Swift_TutorialTests.swift in Sources */,
			);
			runOnlyForDeploymentPostprocessing = 0;
		};
		5BAF0878211E45E4008667B1 /* Sources */ = {
			isa = PBXSourcesBuildPhase;
			buildActionMask = 2147483647;
			files = (
				5BAF0881211E45E4008667B1 /* __Hour_Swift_TutorialUITests.swift in Sources */,
			);
			runOnlyForDeploymentPostprocessing = 0;
		};
/* End PBXSourcesBuildPhase section */

/* Begin PBXTargetDependency section */
		5BAF0873211E45E4008667B1 /* PBXTargetDependency */ = {
			isa = PBXTargetDependency;
			target = 5BAF085C211E45E2008667B1 /* 1 Hour Swift Tutorial */;
			targetProxy = 5BAF0872211E45E4008667B1 /* PBXContainerItemProxy */;
		};
		5BAF087E211E45E4008667B1 /* PBXTargetDependency */ = {
			isa = PBXTargetDependency;
			target = 5BAF085C211E45E2008667B1 /* 1 Hour Swift Tutorial */;
			targetProxy = 5BAF087D211E45E4008667B1 /* PBXContainerItemProxy */;
		};
/* End PBXTargetDependency section */

/* Begin PBXVariantGroup section */
		5BAF0864211E45E2008667B1 /* Main.storyboard */ = {
			isa = PBXVariantGroup;
			children = (
				5BAF0865211E45E2008667B1 /* Base */,
			);
			name = Main.storyboard;
			sourceTree = "<group>";
		};
		5BAF0869211E45E4008667B1 /* LaunchScreen.storyboard */ = {
			isa = PBXVariantGroup;
			children = (
				5BAF086A211E45E4008667B1 /* Base */,
			);
			name = LaunchScreen.storyboard;
			sourceTree = "<group>";
		};
/* End PBXVariantGroup section */

/* Begin XCBuildConfiguration section */
		5BAF0883211E45E4008667B1 /* Debug */ = {
			isa = XCBuildConfiguration;
			buildSettings = {
				ALWAYS_SEARCH_USER_PATHS = NO;
				CLANG_ANALYZER_NONNULL = YES;
				CLANG_ANALYZER_NUMBER_OBJECT_CONVERSION = YES_AGGRESSIVE;
				CLANG_CXX_LANGUAGE_STANDARD = "gnu++14";
				CLANG_CXX_LIBRARY = "libc++";
				CLANG_ENABLE_MODULES = YES;
				CLANG_ENABLE_OBJC_ARC = YES;
				CLANG_ENABLE_OBJC_WEAK = YES;
				CLANG_WARN_BLOCK_CAPTURE_AUTORELEASING = YES;
				CLANG_WARN_BOOL_CONVERSION = YES;
				CLANG_WARN_COMMA = YES;
				CLANG_WARN_CONSTANT_CONVERSION = YES;
				CLANG_WARN_DEPRECATED_OBJC_IMPLEMENTATIONS = YES;
				CLANG_WARN_DIRECT_OBJC_ISA_USAGE = YES_ERROR;
				CLANG_WARN_DOCUMENTATION_COMMENTS = YES;
				CLANG_WARN_EMPTY_BODY = YES;
				CLANG_WARN_ENUM_CONVERSION = YES;
				CLANG_WARN_INFINITE_RECURSION = YES;
				CLANG_WARN_INT_CONVERSION = YES;
				CLANG_WARN_NON_LITERAL_NULL_CONVERSION = YES;
				CLANG_WARN_OBJC_IMPLICIT_RETAIN_SELF = YES;
				CLANG_WARN_OBJC_LITERAL_CONVERSION = YES;
				CLANG_WARN_OBJC_ROOT_CLASS = YES_ERROR;
				CLANG_WARN_RANGE_LOOP_ANALYSIS = YES;
				CLANG_WARN_STRICT_PROTOTYPES = YES;
				CLANG_WARN_SUSPICIOUS_MOVE = YES;
				CLANG_WARN_UNGUARDED_AVAILABILITY = YES_AGGRESSIVE;
				CLANG_WARN_UNREACHABLE_CODE = YES;
				CLANG_WARN__DUPLICATE_METHOD_MATCH = YES;
				CODE_SIGN_IDENTITY = "iPhone Developer";
				COPY_PHASE_STRIP = NO;
				DEBUG_INFORMATION_FORMAT = dwarf;
				ENABLE_STRICT_OBJC_MSGSEND = YES;
				ENABLE_TESTABILITY = YES;
				GCC_C_LANGUAGE_STANDARD = gnu11;
				GCC_DYNAMIC_NO_PIC = NO;
				GCC_NO_COMMON_BLOCKS = YES;
				GCC_OPTIMIZATION_LEVEL = 0;
				GCC_PREPROCESSOR_DEFINITIONS = (
					"DEBUG=1",
					"$(inherited)",
				);
				GCC_WARN_64_TO_32_BIT_CONVERSION = YES;
				GCC_WARN_ABOUT_RETURN_TYPE = YES_ERROR;
				GCC_WARN_UNDECLARED_SELECTOR = YES;
				GCC_WARN_UNINITIALIZED_AUTOS = YES_AGGRESSIVE;
				GCC_WARN_UNUSED_FUNCTION = YES;
				GCC_WARN_UNUSED_VARIABLE = YES;
				IPHONEOS_DEPLOYMENT_TARGET = 11.4;
				MTL_ENABLE_DEBUG_INFO = YES;
				ONLY_ACTIVE_ARCH = YES;
				SDKROOT = iphoneos;
				SWIFT_ACTIVE_COMPILATION_CONDITIONS = DEBUG;
				SWIFT_OPTIMIZATION_LEVEL = "-Onone";
			};
			name = Debug;
		};
		5BAF0884211E45E4008667B1 /* Release */ = {
			isa = XCBuildConfiguration;
			buildSettings = {
				ALWAYS_SEARCH_USER_PATHS = NO;
				CLANG_ANALYZER_NONNULL = YES;
				CLANG_ANALYZER_NUMBER_OBJECT_CONVERSION = YES_AGGRESSIVE;
				CLANG_CXX_LANGUAGE_STANDARD = "gnu++14";
				CLANG_CXX_LIBRARY = "libc++";
				CLANG_ENABLE_MODULES = YES;
				CLANG_ENABLE_OBJC_ARC = YES;
				CLANG_ENABLE_OBJC_WEAK = YES;
				CLANG_WARN_BLOCK_CAPTURE_AUTORELEASING = YES;
				CLANG_WARN_BOOL_CONVERSION = YES;
				CLANG_WARN_COMMA = YES;
				CLANG_WARN_CONSTANT_CONVERSION = YES;
				CLANG_WARN_DEPRECATED_OBJC_IMPLEMENTATIONS = YES;
				CLANG_WARN_DIRECT_OBJC_ISA_USAGE = YES_ERROR;
				CLANG_WARN_DOCUMENTATION_COMMENTS = YES;
				CLANG_WARN_EMPTY_BODY = YES;
				CLANG_WARN_ENUM_CONVERSION = YES;
				CLANG_WARN_INFINITE_RECURSION = YES;
				CLANG_WARN_INT_CONVERSION = YES;
				CLANG_WARN_NON_LITERAL_NULL_CONVERSION = YES;
				CLANG_WARN_OBJC_IMPLICIT_RETAIN_SELF = YES;
				CLANG_WARN_OBJC_LITERAL_CONVERSION = YES;
				CLANG_WARN_OBJC_ROOT_CLASS = YES_ERROR;
				CLANG_WARN_RANGE_LOOP_ANALYSIS = YES;
				CLANG_WARN_STRICT_PROTOTYPES = YES;
				CLANG_WARN_SUSPICIOUS_MOVE = YES;
				CLANG_WARN_UNGUARDED_AVAILABILITY = YES_AGGRESSIVE;
				CLANG_WARN_UNREACHABLE_CODE = YES;
				CLANG_WARN__DUPLICATE_METHOD_MATCH = YES;
				CODE_SIGN_IDENTITY = "iPhone Developer";
				COPY_PHASE_STRIP = NO;
				DEBUG_INFORMATION_FORMAT = "dwarf-with-dsym";
				ENABLE_NS_ASSERTIONS = NO;
				ENABLE_STRICT_OBJC_MSGSEND = YES;
				GCC_C_LANGUAGE_STANDARD = gnu11;
				GCC_NO_COMMON_BLOCKS = YES;
				GCC_WARN_64_TO_32_BIT_CONVERSION = YES;
				GCC_WARN_ABOUT_RETURN_TYPE = YES_ERROR;
				GCC_WARN_UNDECLARED_SELECTOR = YES;
				GCC_WARN_UNINITIALIZED_AUTOS = YES_AGGRESSIVE;
				GCC_WARN_UNUSED_FUNCTION = YES;
				GCC_WARN_UNUSED_VARIABLE = YES;
				IPHONEOS_DEPLOYMENT_TARGET = 11.4;
				MTL_ENABLE_DEBUG_INFO = NO;
				SDKROOT = iphoneos;
				SWIFT_COMPILATION_MODE = wholemodule;
				SWIFT_OPTIMIZATION_LEVEL = "-O";
				VALIDATE_PRODUCT = YES;
			};
			name = Release;
		};
		5BAF0886211E45E4008667B1 /* Debug */ = {
			isa = XCBuildConfiguration;
			buildSettings = {
				ASSETCATALOG_COMPILER_APPICON_NAME = AppIcon;
				CODE_SIGN_STYLE = Automatic;
				INFOPLIST_FILE = "1 Hour Swift Tutorial/Info.plist";
				LD_RUNPATH_SEARCH_PATHS = (
					"$(inherited)",
					"@executable_path/Frameworks",
				);
				PRODUCT_BUNDLE_IDENTIFIER = "PunkeySoft.--Hour-Swift-Tutorial";
				PRODUCT_NAME = "$(TARGET_NAME)";
				SWIFT_VERSION = 4.0;
				TARGETED_DEVICE_FAMILY = "1,2";
			};
			name = Debug;
		};
		5BAF0887211E45E4008667B1 /* Release */ = {
			isa = XCBuildConfiguration;
			buildSettings = {
				ASSETCATALOG_COMPILER_APPICON_NAME = AppIcon;
				CODE_SIGN_STYLE = Automatic;
				INFOPLIST_FILE = "1 Hour Swift Tutorial/Info.plist";
				LD_RUNPATH_SEARCH_PATHS = (
					"$(inherited)",
					"@executable_path/Frameworks",
				);
				PRODUCT_BUNDLE_IDENTIFIER = "PunkeySoft.--Hour-Swift-Tutorial";
				PRODUCT_NAME = "$(TARGET_NAME)";
				SWIFT_VERSION = 4.0;
				TARGETED_DEVICE_FAMILY = "1,2";
			};
			name = Release;
		};
		5BAF0889211E45E4008667B1 /* Debug */ = {
			isa = XCBuildConfiguration;
			buildSettings = {
				ALWAYS_EMBED_SWIFT_STANDARD_LIBRARIES = YES;
				BUNDLE_LOADER = "$(TEST_HOST)";
				CODE_SIGN_STYLE = Automatic;
				INFOPLIST_FILE = "1 Hour Swift TutorialTests/Info.plist";
				LD_RUNPATH_SEARCH_PATHS = (
					"$(inherited)",
					"@executable_path/Frameworks",
					"@loader_path/Frameworks",
				);
				PRODUCT_BUNDLE_IDENTIFIER = "PunkeySoft.--Hour-Swift-TutorialTests";
				PRODUCT_NAME = "$(TARGET_NAME)";
				SWIFT_VERSION = 4.0;
				TARGETED_DEVICE_FAMILY = "1,2";
				TEST_HOST = "$(BUILT_PRODUCTS_DIR)/1 Hour Swift Tutorial.app/1 Hour Swift Tutorial";
			};
			name = Debug;
		};
		5BAF088A211E45E4008667B1 /* Release */ = {
			isa = XCBuildConfiguration;
			buildSettings = {
				ALWAYS_EMBED_SWIFT_STANDARD_LIBRARIES = YES;
				BUNDLE_LOADER = "$(TEST_HOST)";
				CODE_SIGN_STYLE = Automatic;
				INFOPLIST_FILE = "1 Hour Swift TutorialTests/Info.plist";
				LD_RUNPATH_SEARCH_PATHS = (
					"$(inherited)",
					"@executable_path/Frameworks",
					"@loader_path/Frameworks",
				);
				PRODUCT_BUNDLE_IDENTIFIER = "PunkeySoft.--Hour-Swift-TutorialTests";
				PRODUCT_NAME = "$(TARGET_NAME)";
				SWIFT_VERSION = 4.0;
				TARGETED_DEVICE_FAMILY = "1,2";
				TEST_HOST = "$(BUILT_PRODUCTS_DIR)/1 Hour Swift Tutorial.app/1 Hour Swift Tutorial";
			};
			name = Release;
		};
		5BAF088C211E45E4008667B1 /* Debug */ = {
			isa = XCBuildConfiguration;
			buildSettings = {
				ALWAYS_EMBED_SWIFT_STANDARD_LIBRARIES = YES;
				CODE_SIGN_STYLE = Automatic;
				INFOPLIST_FILE = "1 Hour Swift TutorialUITests/Info.plist";
				LD_RUNPATH_SEARCH_PATHS = (
					"$(inherited)",
					"@executable_path/Frameworks",
					"@loader_path/Frameworks",
				);
				PRODUCT_BUNDLE_IDENTIFIER = "PunkeySoft.--Hour-Swift-TutorialUITests";
				PRODUCT_NAME = "$(TARGET_NAME)";
				SWIFT_VERSION = 4.0;
				TARGETED_DEVICE_FAMILY = "1,2";
				TEST_TARGET_NAME = "1 Hour Swift Tutorial";
			};
			name = Debug;
		};
		5BAF088D211E45E4008667B1 /* Release */ = {
			isa = XCBuildConfiguration;
			buildSettings = {
				ALWAYS_EMBED_SWIFT_STANDARD_LIBRARIES = YES;
				CODE_SIGN_STYLE = Automatic;
				INFOPLIST_FILE = "1 Hour Swift TutorialUITests/Info.plist";
				LD_RUNPATH_SEARCH_PATHS = (
					"$(inherited)",
					"@executable_path/Frameworks",
					"@loader_path/Frameworks",
				);
				PRODUCT_BUNDLE_IDENTIFIER = "PunkeySoft.--Hour-Swift-TutorialUITests";
				PRODUCT_NAME = "$(TARGET_NAME)";
				SWIFT_VERSION = 4.0;
				TARGETED_DEVICE_FAMILY = "1,2";
				TEST_TARGET_NAME = "1 Hour Swift Tutorial";
			};
			name = Release;
		};
/* End XCBuildConfiguration section */

/* Begin XCConfigurationList section */
		5BAF0858211E45E2008667B1 /* Build configuration list for PBXProject "1 Hour Swift Tutorial" */ = {
			isa = XCConfigurationList;
			buildConfigurations = (
				5BAF0883211E45E4008667B1 /* Debug */,
				5BAF0884211E45E4008667B1 /* Release */,
			);
			defaultConfigurationIsVisible = 0;
			defaultConfigurationName = Release;
		};
		5BAF0885211E45E4008667B1 /* Build configuration list for PBXNativeTarget "1 Hour Swift Tutorial" */ = {
			isa = XCConfigurationList;
			buildConfigurations = (
				5BAF0886211E45E4008667B1 /* Debug */,
				5BAF0887211E45E4008667B1 /* Release */,
			);
			defaultConfigurationIsVisible = 0;
			defaultConfigurationName = Release;
		};
		5BAF0888211E45E4008667B1 /* Build configuration list for PBXNativeTarget "1 Hour Swift TutorialTests" */ = {
			isa = XCConfigurationList;
			buildConfigurations = (
				5BAF0889211E45E4008667B1 /* Debug */,
				5BAF088A211E45E4008667B1 /* Release */,
			);
			defaultConfigurationIsVisible = 0;
			defaultConfigurationName = Release;
		};
		5BAF088B211E45E4008667B1 /* Build configuration list for PBXNativeTarget "1 Hour Swift TutorialUITests" */ = {
			isa = XCConfigurationList;
			buildConfigurations = (
				5BAF088C211E45E4008667B1 /* Debug */,
				5BAF088D211E45E4008667B1 /* Release */,
			);
			defaultConfigurationIsVisible = 0;
			defaultConfigurationName = Release;
		};
/* End XCConfigurationList section */
	};
	rootObject = 5BAF0855211E45E2008667B1 /* Project object */;
}
